<?xml version="1.0" encoding="utf-8"?>
<Project ToolsVersion="4.0" xmlns="http://schemas.microsoft.com/developer/msbuild/2003">
  <ItemGroup>
    <Filter Include="Исходные файлы">
      <UniqueIdentifier>{4FC737F1-C7A5-4376-A066-2A32D752A2FF}</UniqueIdentifier>
      <Extensions>cpp;c;cc;cxx;def;odl;idl;hpj;bat;asm;asmx</Extensions>
    </Filter>
    <Filter Include="Файлы заголовков">
      <UniqueIdentifier>{93995380-89BD-4b04-88EB-625FBE52EBFB}</UniqueIdentifier>
      <Extensions>h;hh;hpp;hxx;hm;inl;inc;ipp;xsd</Extensions>
    </Filter>
    <Filter Include="Файлы ресурсов">
      <UniqueIdentifier>{67DA6AB6-F800-4c08-8B7A-83BB121AAD01}</UniqueIdentifier>
      <Extensions>rc;ico;cur;bmp;dlg;rc2;rct;bin;rgs;gif;jpg;jpeg;jpe;resx;tiff;tif;png;wav;mfcribbon-ms</Extensions>
    </Filter>
    <Filter Include="Исходные файлы\ddraw">
      <UniqueIdentifier>{5111b702-4ed8-45b3-a688-718300a07769}</UniqueIdentifier>
    </Filter>
    <Filter Include="Файлы заголовков\ddraw">
      <UniqueIdentifier>{a416cc5f-0267-4d35-94e9-e2f567752d5d}</UniqueIdentifier>
    </Filter>
    <Filter Include="Исходные файлы\d3d">
      <UniqueIdentifier>{22f3ddd1-7596-470a-a858-a4597a8cb42d}</UniqueIdentifier>
    </Filter>
    <Filter Include="Файлы заголовков\d3d">
      <UniqueIdentifier>{d9eef7fa-b360-4fb3-8a56-b112a46f1fc4}</UniqueIdentifier>
    </Filter>
    <Filter Include="Файлы заголовков\d2gi">
      <UniqueIdentifier>{0f4a5234-e205-4cec-ba8e-b258a3f7cbf6}</UniqueIdentifier>
    </Filter>
    <Filter Include="Исходные файлы\d2gi">
      <UniqueIdentifier>{1f5536a1-1470-43f7-9cb7-50819d4a39fc}</UniqueIdentifier>
    </Filter>
    <Filter Include="Исходные файлы\d2gi\surfaces">
      <UniqueIdentifier>{c33bf210-2946-4139-a99d-5e76a5b25fff}</UniqueIdentifier>
    </Filter>
    <Filter Include="Файлы заголовков\d2gi\surfaces">
      <UniqueIdentifier>{0ee434d0-487f-4979-8df3-435bd80533e6}</UniqueIdentifier>
    </Filter>
    <Filter Include="Исходные файлы\common">
      <UniqueIdentifier>{58f671c2-31ab-4b74-8aec-5f4909d01d0b}</UniqueIdentifier>
    </Filter>
    <Filter Include="Файлы заголовков\common">
      <UniqueIdentifier>{42d854fc-89f3-44f7-9a17-92de53608636}</UniqueIdentifier>
    </Filter>
    <Filter Include="Исходные файлы\d2gi\g-streaming">
      <UniqueIdentifier>{9369cae6-08cd-4e67-9b15-b80bc184b70c}</UniqueIdentifier>
    </Filter>
    <Filter Include="Файлы заголовков\d2gi\g-streaming">
      <UniqueIdentifier>{8a3b8274-abc7-40e3-8c0e-ce04aac64cd0}</UniqueIdentifier>
    </Filter>
  </ItemGroup>
  <ItemGroup>
    <None Include="d2gi.def">
      <Filter>Файлы ресурсов</Filter>
    </None>
    <None Include="defs.props" />
    <None Include="src\d2gi\d2gi_enums_a.asm">
      <Filter>Исходные файлы\d2gi</Filter>
    </None>
  </ItemGroup>
  <ItemGroup>
    <ClCompile Include="src\d2gi\d2gi_ddraw.cpp">
      <Filter>Исходные файлы\d2gi</Filter>
    </ClCompile>
    <ClCompile Include="src\d3d\d3d_direct3d.cpp">
      <Filter>Исходные файлы\d3d</Filter>
    </ClCompile>
    <ClCompile Include="src\ddraw\dd_ddraw.cpp">
      <Filter>Исходные файлы\ddraw</Filter>
    </ClCompile>
    <ClCompile Include="src\d3d\d3d_device.cpp">
      <Filter>Исходные файлы\d3d</Filter>
    </ClCompile>
    <ClCompile Include="src\d2gi\d2gi_direct3d.cpp">
      <Filter>Исходные файлы\d2gi</Filter>
    </ClCompile>
    <ClCompile Include="src\ddraw\dd_surface.cpp">
      <Filter>Исходные файлы\ddraw</Filter>
    </ClCompile>
    <ClCompile Include="src\d2gi\d2gi_device.cpp">
      <Filter>Исходные файлы\d2gi</Filter>
    </ClCompile>
    <ClCompile Include="src\d2gi\d2gi.cpp">
      <Filter>Исходные файлы\d2gi</Filter>
    </ClCompile>
    <ClCompile Include="src\d2gi\d2gi_enums.cpp">
      <Filter>Исходные файлы\d2gi</Filter>
    </ClCompile>
    <ClCompile Include="src\d2gi\d2gi_common.cpp">
      <Filter>Исходные файлы\d2gi</Filter>
    </ClCompile>
    <ClCompile Include="src\d2gi\d2gi_resource.cpp">
      <Filter>Исходные файлы\d2gi</Filter>
    </ClCompile>
    <ClCompile Include="src\d2gi\d2gi_container.cpp">
      <Filter>Исходные файлы\d2gi</Filter>
    </ClCompile>
    <ClCompile Include="src\ddraw\dd_palette.cpp">
      <Filter>Исходные файлы\ddraw</Filter>
    </ClCompile>
    <ClCompile Include="src\d2gi\d2gi_palette.cpp">
      <Filter>Исходные файлы\d2gi</Filter>
    </ClCompile>
    <ClCompile Include="src\d2gi\d2gi_strided_renderer.cpp">
      <Filter>Исходные файлы\d2gi</Filter>
    </ClCompile>
    <ClCompile Include="src\d2gi\d2gi_blitter.cpp">
      <Filter>Исходные файлы\d2gi</Filter>
    </ClCompile>
    <ClCompile Include="src\d2gi\d2gi_backbuf_surf.cpp">
      <Filter>Исходные файлы\d2gi\surfaces</Filter>
    </ClCompile>
    <ClCompile Include="src\d2gi\d2gi_mipmap_surf.cpp">
      <Filter>Исходные файлы\d2gi\surfaces</Filter>
    </ClCompile>
    <ClCompile Include="src\d2gi\d2gi_prim_flip_surf.cpp">
      <Filter>Исходные файлы\d2gi\surfaces</Filter>
    </ClCompile>
    <ClCompile Include="src\d2gi\d2gi_prim_single_surf.cpp">
      <Filter>Исходные файлы\d2gi\surfaces</Filter>
    </ClCompile>
    <ClCompile Include="src\d2gi\d2gi_surface.cpp">
      <Filter>Исходные файлы\d2gi\surfaces</Filter>
    </ClCompile>
    <ClCompile Include="src\d2gi\d2gi_sysmem_surf.cpp">
      <Filter>Исходные файлы\d2gi\surfaces</Filter>
    </ClCompile>
    <ClCompile Include="src\d2gi\d2gi_texture.cpp">
      <Filter>Исходные файлы\d2gi\surfaces</Filter>
    </ClCompile>
    <ClCompile Include="src\d2gi\d2gi_zbuf_surf.cpp">
      <Filter>Исходные файлы\d2gi\surfaces</Filter>
    </ClCompile>
    <ClCompile Include="src\common\dir.cpp">
      <Filter>Исходные файлы\common</Filter>
    </ClCompile>
    <ClCompile Include="src\common\logger.cpp">
      <Filter>Исходные файлы\common</Filter>
    </ClCompile>
    <ClCompile Include="src\common\utils.cpp">
      <Filter>Исходные файлы\common</Filter>
    </ClCompile>
    <ClCompile Include="src\main.cpp">
      <Filter>Исходные файлы</Filter>
    </ClCompile>
    <ClCompile Include="src\d2gi\d2gi_hooks.cpp">
      <Filter>Исходные файлы\d2gi</Filter>
    </ClCompile>
    <ClCompile Include="src\d2gi\d2gi_buffer_container.cpp">
      <Filter>Исходные файлы\d2gi\g-streaming</Filter>
    </ClCompile>
    <ClCompile Include="src\d2gi\d2gi_ib_container.cpp">
      <Filter>Исходные файлы\d2gi\g-streaming</Filter>
    </ClCompile>
    <ClCompile Include="src\d2gi\d2gi_vb_container.cpp">
      <Filter>Исходные файлы\d2gi\g-streaming</Filter>
    </ClCompile>
    <ClCompile Include="src\d2gi\d2gi_config.cpp">
      <Filter>Исходные файлы\d2gi</Filter>
    </ClCompile>
  </ItemGroup>
  <ItemGroup>
    <ClInclude Include="src\d2gi\d2gi_ddraw.h">
      <Filter>Файлы заголовков\d2gi</Filter>
    </ClInclude>
    <ClInclude Include="src\d3d\d3d_device.h">
      <Filter>Файлы заголовков\d3d</Filter>
    </ClInclude>
    <ClInclude Include="src\d3d\d3d_direct3d.h">
      <Filter>Файлы заголовков\d3d</Filter>
    </ClInclude>
    <ClInclude Include="src\ddraw\dd_ddraw.h">
      <Filter>Файлы заголовков\ddraw</Filter>
    </ClInclude>
    <ClInclude Include="src\d2gi\d2gi_direct3d.h">
      <Filter>Файлы заголовков\d2gi</Filter>
    </ClInclude>
    <ClInclude Include="src\ddraw\dd_surface.h">
      <Filter>Файлы заголовков\ddraw</Filter>
    </ClInclude>
    <ClInclude Include="src\d2gi\d2gi_device.h">
      <Filter>Файлы заголовков\d2gi</Filter>
    </ClInclude>
    <ClInclude Include="src\d2gi\d2gi.h">
      <Filter>Файлы заголовков\d2gi</Filter>
    </ClInclude>
    <ClInclude Include="src\d2gi\d2gi_common.h">
      <Filter>Файлы заголовков\d2gi</Filter>
    </ClInclude>
    <ClInclude Include="src\d2gi\d2gi_enums.h">
      <Filter>Файлы заголовков\d2gi</Filter>
    </ClInclude>
    <ClInclude Include="src\d2gi\d2gi_container.h">
      <Filter>Файлы заголовков\d2gi</Filter>
    </ClInclude>
    <ClInclude Include="src\d2gi\d2gi_resource.h">
      <Filter>Файлы заголовков\d2gi</Filter>
    </ClInclude>
    <ClInclude Include="src\ddraw\dd_palette.h">
      <Filter>Файлы заголовков\ddraw</Filter>
    </ClInclude>
    <ClInclude Include="src\d2gi\d2gi_palette.h">
      <Filter>Файлы заголовков\d2gi</Filter>
    </ClInclude>
    <ClInclude Include="src\d2gi\d2gi_strided_renderer.h">
      <Filter>Файлы заголовков\d2gi</Filter>
    </ClInclude>
    <ClInclude Include="src\d2gi\d2gi_blitter.h">
      <Filter>Файлы заголовков\d2gi</Filter>
    </ClInclude>
    <ClInclude Include="src\d2gi\d2gi_backbuf_surf.h">
      <Filter>Файлы заголовков\d2gi\surfaces</Filter>
    </ClInclude>
    <ClInclude Include="src\d2gi\d2gi_mipmap_surf.h">
      <Filter>Файлы заголовков\d2gi\surfaces</Filter>
    </ClInclude>
    <ClInclude Include="src\d2gi\d2gi_prim_flip_surf.h">
      <Filter>Файлы заголовков\d2gi\surfaces</Filter>
    </ClInclude>
    <ClInclude Include="src\d2gi\d2gi_prim_single_surf.h">
      <Filter>Файлы заголовков\d2gi\surfaces</Filter>
    </ClInclude>
    <ClInclude Include="src\d2gi\d2gi_surface.h">
      <Filter>Файлы заголовков\d2gi\surfaces</Filter>
    </ClInclude>
    <ClInclude Include="src\d2gi\d2gi_sysmem_surf.h">
      <Filter>Файлы заголовков\d2gi\surfaces</Filter>
    </ClInclude>
    <ClInclude Include="src\d2gi\d2gi_texture.h">
      <Filter>Файлы заголовков\d2gi\surfaces</Filter>
    </ClInclude>
    <ClInclude Include="src\d2gi\d2gi_zbuf_surf.h">
      <Filter>Файлы заголовков\d2gi\surfaces</Filter>
    </ClInclude>
    <ClInclude Include="src\common\common.h">
      <Filter>Файлы заголовков\common</Filter>
    </ClInclude>
    <ClInclude Include="src\common\d3d7.h">
      <Filter>Файлы заголовков\common</Filter>
    </ClInclude>
    <ClInclude Include="src\common\d3d9.h">
      <Filter>Файлы заголовков\common</Filter>
    </ClInclude>
    <ClInclude Include="src\common\dir.h">
      <Filter>Файлы заголовков\common</Filter>
    </ClInclude>
    <ClInclude Include="src\common\frect.h">
      <Filter>Файлы заголовков\common</Filter>
    </ClInclude>
    <ClInclude Include="src\common\logger.h">
      <Filter>Файлы заголовков\common</Filter>
    </ClInclude>
    <ClInclude Include="src\common\m3x4.h">
      <Filter>Файлы заголовков\common</Filter>
    </ClInclude>
    <ClInclude Include="src\common\utils.h">
      <Filter>Файлы заголовков\common</Filter>
    </ClInclude>
    <ClInclude Include="src\d2gi\d2gi_hooks.h">
      <Filter>Файлы заголовков\d2gi</Filter>
    </ClInclude>
    <ClInclude Include="src\d2gi\d2gi_buffer_container.h">
      <Filter>Файлы заголовков\d2gi\g-streaming</Filter>
    </ClInclude>
    <ClInclude Include="src\d2gi\d2gi_ib_container.h">
      <Filter>Файлы заголовков\d2gi\g-streaming</Filter>
    </ClInclude>
    <ClInclude Include="src\d2gi\d2gi_vb_container.h">
      <Filter>Файлы заголовков\d2gi\g-streaming</Filter>
    </ClInclude>
    <ClInclude Include="src\d2gi\d2gi_config.h">
      <Filter>Файлы заголовков\d2gi</Filter>
    </ClInclude>
    <ClInclude Include="src\d2gi\d2gi_blitter_ps.h">
      <Filter>Файлы заголовков\d2gi</Filter>
    </ClInclude>
    <ClInclude Include="src\d2gi\d2gi_blitter_vs.h">
      <Filter>Файлы заголовков\d2gi</Filter>
    </ClInclude>
  </ItemGroup>
  <ItemGroup>
    <FxCompile Include="src\d2gi\d2gi_blitter_vs.hlsl">
      <Filter>Исходные файлы\d2gi</Filter>
    </FxCompile>
    <FxCompile Include="src\d2gi\d2gi_blitter_ps.hlsl">
      <Filter>Исходные файлы\d2gi</Filter>
    </FxCompile>
  </ItemGroup>
</Project>